// !$*UTF8*$!
{
	archiveVersion = 1;
	classes = {
	};
	objectVersion = 46;
	objects = {

/* Begin PBXBuildFile section */
		FDB006BB1CBA8F8800490140 /* AppDelegate.swift in Sources */ = {isa = PBXBuildFile; fileRef = FDB006BA1CBA8F8800490140 /* AppDelegate.swift */; };
		FDB006C01CBA8F8800490140 /* Main.storyboard in Resources */ = {isa = PBXBuildFile; fileRef = FDB006BE1CBA8F8800490140 /* Main.storyboard */; };
		FDB006C21CBA8F8800490140 /* Assets.xcassets in Resources */ = {isa = PBXBuildFile; fileRef = FDB006C11CBA8F8800490140 /* Assets.xcassets */; };
		FDB006C51CBA8F8800490140 /* LaunchScreen.storyboard in Resources */ = {isa = PBXBuildFile; fileRef = FDB006C31CBA8F8800490140 /* LaunchScreen.storyboard */; };
		FDB006CD1CBA935800490140 /* TimeLineViewController.swift in Sources */ = {isa = PBXBuildFile; fileRef = FDB006CC1CBA935800490140 /* TimeLineViewController.swift */; };
		FDB006CF1CBA938800490140 /* FavoriteViewController.swift in Sources */ = {isa = PBXBuildFile; fileRef = FDB006CE1CBA938800490140 /* FavoriteViewController.swift */; };
/* End PBXBuildFile section */

/* Begin PBXFileReference section */
		FDB006B71CBA8F8800490140 /* RealmHandsOnSample.app */ = {isa = PBXFileReference; explicitFileType = wrapper.application; includeInIndex = 0; path = RealmHandsOnSample.app; sourceTree = BUILT_PRODUCTS_DIR; };
		FDB006BA1CBA8F8800490140 /* AppDelegate.swift */ = {isa = PBXFileReference; lastKnownFileType = sourcecode.swift; path = AppDelegate.swift; sourceTree = "<group>"; };
		FDB006BF1CBA8F8800490140 /* Base */ = {isa = PBXFileReference; lastKnownFileType = file.storyboard; name = Base; path = Base.lproj/Main.storyboard; sourceTree = "<group>"; };
		FDB006C11CBA8F8800490140 /* Assets.xcassets */ = {isa = PBXFileReference; lastKnownFileType = folder.assetcatalog; path = Assets.xcassets; sourceTree = "<group>"; };
		FDB006C41CBA8F8800490140 /* Base */ = {isa = PBXFileReference; lastKnownFileType = file.storyboard; name = Base; path = Base.lproj/LaunchScreen.storyboard; sourceTree = "<group>"; };
		FDB006C61CBA8F8800490140 /* Info.plist */ = {isa = PBXFileReference; lastKnownFileType = text.plist.xml; path = Info.plist; sourceTree = "<group>"; };
		FDB006CC1CBA935800490140 /* TimeLineViewController.swift */ = {isa = PBXFileReference; fileEncoding = 4; lastKnownFileType = sourcecode.swift; path = TimeLineViewController.swift; sourceTree = "<group>"; };
		FDB006CE1CBA938800490140 /* FavoriteViewController.swift */ = {isa = PBXFileReference; fileEncoding = 4; lastKnownFileType = sourcecode.swift; path = FavoriteViewController.swift; sourceTree = "<group>"; };
/* End PBXFileReference section */

/* Begin PBXFrameworksBuildPhase section */
		FDB006B41CBA8F8800490140 /* Frameworks */ = {
			isa = PBXFrameworksBuildPhase;
			buildActionMask = 2147483647;
			files = (
			);
			runOnlyForDeploymentPostprocessing = 0;
		};
/* End PBXFrameworksBuildPhase section */

/* Begin PBXGroup section */
		FDB006AE1CBA8F8800490140 = {
			isa = PBXGroup;
			children = (
				FDB006B91CBA8F8800490140 /* RealmHandsOnSample */,
				FDB006B81CBA8F8800490140 /* Products */,
			);
			sourceTree = "<group>";
		};
		FDB006B81CBA8F8800490140 /* Products */ = {
			isa = PBXGroup;
			children = (
				FDB006B71CBA8F8800490140 /* RealmHandsOnSample.app */,
			);
			name = Products;
			sourceTree = "<group>";
		};
		FDB006B91CBA8F8800490140 /* RealmHandsOnSample */ = {
			isa = PBXGroup;
			children = (
				FDB006BA1CBA8F8800490140 /* AppDelegate.swift */,
				FDB006CC1CBA935800490140 /* TimeLineViewController.swift */,
				FDB006CE1CBA938800490140 /* FavoriteViewController.swift */,
				FDB006BE1CBA8F8800490140 /* Main.storyboard */,
				FDB006C11CBA8F8800490140 /* Assets.xcassets */,
				FDB006C31CBA8F8800490140 /* LaunchScreen.storyboard */,
				FDB006C61CBA8F8800490140 /* Info.plist */,
			);
			path = RealmHandsOnSample;
			sourceTree = "<group>";
		};
/* End PBXGroup section */

/* Begin PBXNativeTarget section */
		FDB006B61CBA8F8800490140 /* RealmHandsOnSample */ = {
			isa = PBXNativeTarget;
			buildConfigurationList = FDB006C91CBA8F8800490140 /* Build configuration list for PBXNativeTarget "RealmHandsOnSample" */;
			buildPhases = (
				FDB006B31CBA8F8800490140 /* Sources */,
				FDB006B41CBA8F8800490140 /* Frameworks */,
				FDB006B51CBA8F8800490140 /* Resources */,
			);
			buildRules = (
			);
			dependencies = (
			);
			name = RealmHandsOnSample;
			productName = RealmHandsOnSample;
			productReference = FDB006B71CBA8F8800490140 /* RealmHandsOnSample.app */;
			productType = "com.apple.product-type.application";
		};
/* End PBXNativeTarget section */

/* Begin PBXProject section */
		FDB006AF1CBA8F8800490140 /* Project object */ = {
			isa = PBXProject;
			attributes = {
				LastSwiftUpdateCheck = 0730;
				LastUpgradeCheck = 0730;
				ORGANIZATIONNAME = "麻生 拓弥";
				TargetAttributes = {
					FDB006B61CBA8F8800490140 = {
						CreatedOnToolsVersion = 7.3;
					};
				};
			};
			buildConfigurationList = FDB006B21CBA8F8800490140 /* Build configuration list for PBXProject "RealmHandsOnSample" */;
			compatibilityVersion = "Xcode 3.2";
			developmentRegion = English;
			hasScannedForEncodings = 0;
			knownRegions = (
				en,
				Base,
			);
			mainGroup = FDB006AE1CBA8F8800490140;
			productRefGroup = FDB006B81CBA8F8800490140 /* Products */;
			projectDirPath = "";
			projectRoot = "";
			targets = (
				FDB006B61CBA8F8800490140 /* RealmHandsOnSample */,
			);
		};
/* End PBXProject section */

/* Begin PBXResourcesBuildPhase section */
		FDB006B51CBA8F8800490140 /* Resources */ = {
			isa = PBXResourcesBuildPhase;
			buildActionMask = 2147483647;
			files = (
				FDB006C51CBA8F8800490140 /* LaunchScreen.storyboard in Resources */,
				FDB006C21CBA8F8800490140 /* Assets.xcassets in Resources */,
				FDB006C01CBA8F8800490140 /* Main.storyboard in Resources */,
			);
			runOnlyForDeploymentPostprocessing = 0;
		};
/* End PBXResourcesBuildPhase section */

/* Begin PBXSourcesBuildPhase section */
		FDB006B31CBA8F8800490140 /* Sources */ = {
			isa = PBXSourcesBuildPhase;
			buildActionMask = 2147483647;
			files = (
				FDB006BB1CBA8F8800490140 /* AppDelegate.swift in Sources */,
				FDB006CF1CBA938800490140 /* FavoriteViewController.swift in Sources */,
				FDB006CD1CBA935800490140 /* TimeLineViewController.swift in Sources */,
			);
			runOnlyForDeploymentPostprocessing = 0;
		};
/* End PBXSourcesBuildPhase section */

/* Begin PBXVariantGroup section */
		FDB006BE1CBA8F8800490140 /* Main.storyboard */ = {
			isa = PBXVariantGroup;
			children = (
				FDB006BF1CBA8F8800490140 /* Base */,
			);
			name = Main.storyboard;
			sourceTree = "<group>";
		};
		FDB006C31CBA8F8800490140 /* LaunchScreen.storyboard */ = {
			isa = PBXVariantGroup;
			children = (
				FDB006C41CBA8F8800490140 /* Base */,
			);
			name = LaunchScreen.storyboard;
			sourceTree = "<group>";
		};
/* End PBXVariantGroup section */

/* Begin XCBuildConfiguration section */
		FDB006C71CBA8F8800490140 /* Debug */ = {
			isa = XCBuildConfiguration;
			buildSettings = {
				ALWAYS_SEARCH_USER_PATHS = NO;
				CLANG_ANALYZER_NONNULL = YES;
				CLANG_CXX_LANGUAGE_STANDARD = "gnu++0x";
				CLANG_CXX_LIBRARY = "libc++";
				CLANG_ENABLE_MODULES = YES;
				CLANG_ENABLE_OBJC_ARC = YES;
				CLANG_WARN_BOOL_CONVERSION = YES;
				CLANG_WARN_CONSTANT_CONVERSION = YES;
				CLANG_WARN_DIRECT_OBJC_ISA_USAGE = YES_ERROR;
				CLANG_WARN_EMPTY_BODY = YES;
				CLANG_WARN_ENUM_CONVERSION = YES;
				CLANG_WARN_INT_CONVERSION = YES;
				CLANG_WARN_OBJC_ROOT_CLASS = YES_ERROR;
				CLANG_WARN_UNREACHABLE_CODE = YES;
				CLANG_WARN__DUPLICATE_METHOD_MATCH = YES;
				"CODE_SIGN_IDENTITY[sdk=iphoneos*]" = "iPhone Developer";
				COPY_PHASE_STRIP = NO;
				DEBUG_INFORMATION_FORMAT = dwarf;
				ENABLE_STRICT_OBJC_MSGSEND = YES;
				ENABLE_TESTABILITY = YES;
				GCC_C_LANGUAGE_STANDARD = gnu99;
				GCC_DYNAMIC_NO_PIC = NO;
				GCC_NO_COMMON_BLOCKS = YES;
				GCC_OPTIMIZATION_LEVEL = 0;
				GCC_PREPROCESSOR_DEFINITIONS = (
					"DEBUG=1",
					"$(inherited)",
				);
				GCC_WARN_64_TO_32_BIT_CONVERSION = YES;
				GCC_WARN_ABOUT_RETURN_TYPE = YES_ERROR;
				GCC_WARN_UNDECLARED_SELECTOR = YES;
				GCC_WARN_UNINITIALIZED_AUTOS = YES_AGGRESSIVE;
				GCC_WARN_UNUSED_FUNCTION = YES;
				GCC_WARN_UNUSED_VARIABLE = YES;
				IPHONEOS_DEPLOYMENT_TARGET = 9.3;
				MTL_ENABLE_DEBUG_INFO = YES;
				ONLY_ACTIVE_ARCH = YES;
				SDKROOT = iphoneos;
				SWIFT_OPTIMIZATION_LEVEL = "-Onone";
				TARGETED_DEVICE_FAMILY = "1,2";
			};
			name = Debug;
		};
		FDB006C81CBA8F8800490140 /* Release */ = {
			isa = XCBuildConfiguration;
			buildSettings = {
				ALWAYS_SEARCH_USER_PATHS = NO;
				CLANG_ANALYZER_NONNULL = YES;
				CLANG_CXX_LANGUAGE_STANDARD = "gnu++0x";
				CLANG_CXX_LIBRARY = "libc++";
				CLANG_ENABLE_MODULES = YES;
				CLANG_ENABLE_OBJC_ARC = YES;
				CLANG_WARN_BOOL_CONVERSION = YES;
				CLANG_WARN_CONSTANT_CONVERSION = YES;
				CLANG_WARN_DIRECT_OBJC_ISA_USAGE = YES_ERROR;
				CLANG_WARN_EMPTY_BODY = YES;
				CLANG_WARN_ENUM_CONVERSION = YES;
				CLANG_WARN_INT_CONVERSION = YES;
				CLANG_WARN_OBJC_ROOT_CLASS = YES_ERROR;
				CLANG_WARN_UNREACHABLE_CODE = YES;
				CLANG_WARN__DUPLICATE_METHOD_MATCH = YES;
				"CODE_SIGN_IDENTITY[sdk=iphoneos*]" = "iPhone Developer";
				COPY_PHASE_STRIP = NO;
				DEBUG_INFORMATION_FORMAT = "dwarf-with-dsym";
				ENABLE_NS_ASSERTIONS = NO;
				ENABLE_STRICT_OBJC_MSGSEND = YES;
				GCC_C_LANGUAGE_STANDARD = gnu99;
				GCC_NO_COMMON_BLOCKS = YES;
				GCC_WARN_64_TO_32_BIT_CONVERSION = YES;
				GCC_WARN_ABOUT_RETURN_TYPE = YES_ERROR;
				GCC_WARN_UNDECLARED_SELECTOR = YES;
				GCC_WARN_UNINITIALIZED_AUTOS = YES_AGGRESSIVE;
				GCC_WARN_UNUSED_FUNCTION = YES;
				GCC_WARN_UNUSED_VARIABLE = YES;
				IPHONEOS_DEPLOYMENT_TARGET = 9.3;
				MTL_ENABLE_DEBUG_INFO = NO;
				SDKROOT = iphoneos;
				TARGETED_DEVICE_FAMILY = "1,2";
				VALIDATE_PRODUCT = YES;
			};
			name = Release;
		};
		FDB006CA1CBA8F8800490140 /* Debug */ = {
			isa = XCBuildConfiguration;
			buildSettings = {
				ASSETCATALOG_COMPILER_APPICON_NAME = AppIcon;
				INFOPLIST_FILE = RealmHandsOnSample/Info.plist;
				IPHONEOS_DEPLOYMENT_TARGET = 8.0;
				LD_RUNPATH_SEARCH_PATHS = "$(inherited) @executable_path/Frameworks";
				PRODUCT_BUNDLE_IDENTIFIER = com.ASTK.RealmHandsOnSample;
				PRODUCT_NAME = "$(TARGET_NAME)";
			};
			name = Debug;
		};
		FDB006CB1CBA8F8800490140 /* Release */ = {
			isa = XCBuildConfiguration;
			buildSettings = {
				ASSETCATALOG_COMPILER_APPICON_NAME = AppIcon;
				INFOPLIST_FILE = RealmHandsOnSample/Info.plist;
				IPHONEOS_DEPLOYMENT_TARGET = 8.0;
				LD_RUNPATH_SEARCH_PATHS = "$(inherited) @executable_path/Frameworks";
				PRODUCT_BUNDLE_IDENTIFIER = com.ASTK.RealmHandsOnSample;
				PRODUCT_NAME = "$(TARGET_NAME)";
			};
			name = Release;
		};
/* End XCBuildConfiguration section */

/* Begin XCConfigurationList section */
		FDB006B21CBA8F8800490140 /* Build configuration list for PBXProject "RealmHandsOnSample" */ = {
			isa = XCConfigurationList;
			buildConfigurations = (
				FDB006C71CBA8F8800490140 /* Debug */,
				FDB006C81CBA8F8800490140 /* Release */,
			);
			defaultConfigurationIsVisible = 0;
			defaultConfigurationName = Release;
		};
		FDB006C91CBA8F8800490140 /* Build configuration list for PBXNativeTarget "RealmHandsOnSample" */ = {
			isa = XCConfigurationList;
			buildConfigurations = (
				FDB006CA1CBA8F8800490140 /* Debug */,
				FDB006CB1CBA8F8800490140 /* Release */,
			);
			defaultConfigurationIsVisible = 0;
		};
/* End XCConfigurationList section */
	};
	rootObject = FDB006AF1CBA8F8800490140 /* Project object */;
}
